
Microsoft Visual Studio Solution File, Format Version 12.00
# Visual Studio Version 16
VisualStudioVersion = 16.0.31424.327
MinimumVisualStudioVersion = 10.0.40219.1
Project("{FAE04EC0-301F-11D3-BF4B-00C04F79EFBC}") = "Calculator.Android", "Calculator\Calculator.Android\Calculator.Android.csproj", "{AAE67503-4744-4C0D-9BD2-B310F554C7D8}"
EndProject
Project("{FAE04EC0-301F-11D3-BF4B-00C04F79EFBC}") = "Calculator.iOS", "Calculator\Calculator.iOS\Calculator.iOS.csproj", "{EA9EF9B2-6191-4ACA-A642-257E3864C599}"
EndProject
Project("{FAE04EC0-301F-11D3-BF4B-00C04F79EFBC}") = "Calculator", "Calculator\Calculator\Calculator.csproj", "{FB6AE20A-BFEC-40C0-90D3-E4B4D3F5656F}"
EndProject
Global
	GlobalSection(SolutionConfigurationPlatforms) = preSolution
		Debug|Any CPU = Debug|Any CPU
		Debug|iPhone = Debug|iPhone
		Debug|iPhoneSimulator = Debug|iPhoneSimulator
		Release|Any CPU = Release|Any CPU
		Release|iPhone = Release|iPhone
		Release|iPhoneSimulator = Release|iPhoneSimulator
	EndGlobalSection
	GlobalSection(ProjectConfigurationPlatforms) = postSolution
		{AAE67503-4744-4C0D-9BD2-B310F554C7D8}.Debug|Any CPU.ActiveCfg = Debug|Any CPU
		{AAE67503-4744-4C0D-9BD2-B310F554C7D8}.Debug|Any CPU.Build.0 = Debug|Any CPU
		{AAE67503-4744-4C0D-9BD2-B310F554C7D8}.Debug|Any CPU.Deploy.0 = Debug|Any CPU
		{AAE67503-4744-4C0D-9BD2-B310F554C7D8}.Debug|iPhone.ActiveCfg = Debug|Any CPU
		{AAE67503-4744-4C0D-9BD2-B310F554C7D8}.Debug|iPhone.Build.0 = Debug|Any CPU
		{AAE67503-4744-4C0D-9BD2-B310F554C7D8}.Debug|iPhone.Deploy.0 = Debug|Any CPU
		{AAE67503-4744-4C0D-9BD2-B310F554C7D8}.Debug|iPhoneSimulator.ActiveCfg = Debug|Any CPU
		{AAE67503-4744-4C0D-9BD2-B310F554C7D8}.Debug|iPhoneSimulator.Build.0 = Debug|Any CPU
		{AAE67503-4744-4C0D-9BD2-B310F554C7D8}.Debug|iPhoneSimulator.Deploy.0 = Debug|Any CPU
		{AAE67503-4744-4C0D-9BD2-B310F554C7D8}.Release|Any CPU.ActiveCfg = Release|Any CPU
		{AAE67503-4744-4C0D-9BD2-B310F554C7D8}.Release|Any CPU.Build.0 = Release|Any CPU
		{AAE67503-4744-4C0D-9BD2-B310F554C7D8}.Release|Any CPU.Deploy.0 = Release|Any CPU
		{AAE67503-4744-4C0D-9BD2-B310F554C7D8}.Release|iPhone.ActiveCfg = Release|Any CPU
		{AAE67503-4744-4C0D-9BD2-B310F554C7D8}.Release|iPhone.Build.0 = Release|Any CPU
		{AAE67503-4744-4C0D-9BD2-B310F554C7D8}.Release|iPhone.Deploy.0 = Release|Any CPU
		{AAE67503-4744-4C0D-9BD2-B310F554C7D8}.Release|iPhoneSimulator.ActiveCfg = Release|Any CPU
		{AAE67503-4744-4C0D-9BD2-B310F554C7D8}.Release|iPhoneSimulator.Build.0 = Release|Any CPU
		{AAE67503-4744-4C0D-9BD2-B310F554C7D8}.Release|iPhoneSimulator.Deploy.0 = Release|Any CPU
		{EA9EF9B2-6191-4ACA-A642-257E3864C599}.Debug|Any CPU.ActiveCfg = Debug|iPhone
		{EA9EF9B2-6191-4ACA-A642-257E3864C599}.Debug|Any CPU.Build.0 = Debug|iPhone
		{EA9EF9B2-6191-4ACA-A642-257E3864C599}.Debug|Any CPU.Deploy.0 = Debug|iPhone
		{EA9EF9B2-6191-4ACA-A642-257E3864C599}.Debug|iPhone.ActiveCfg = Debug|iPhone
		{EA9EF9B2-6191-4ACA-A642-257E3864C599}.Debug|iPhone.Build.0 = Debug|iPhone
		{EA9EF9B2-6191-4ACA-A642-257E3864C599}.Debug|iPhone.Deploy.0 = Debug|iPhone
		{EA9EF9B2-6191-4ACA-A642-257E3864C599}.Debug|iPhoneSimulator.ActiveCfg = Debug|iPhoneSimulator
		{EA9EF9B2-6191-4ACA-A642-257E3864C599}.Debug|iPhoneSimulator.Build.0 = Debug|iPhoneSimulator
		{EA9EF9B2-6191-4ACA-A642-257E3864C599}.Debug|iPhoneSimulator.Deploy.0 = Debug|iPhoneSimulator
		{EA9EF9B2-6191-4ACA-A642-257E3864C599}.Release|Any CPU.ActiveCfg = Release|iPhoneSimulator
		{EA9EF9B2-6191-4ACA-A642-257E3864C599}.Release|Any CPU.Build.0 = Release|iPhoneSimulator
		{EA9EF9B2-6191-4ACA-A642-257E3864C599}.Release|Any CPU.Deploy.0 = Release|iPhoneSimulator
		{EA9EF9B2-6191-4ACA-A642-257E3864C599}.Release|iPhone.ActiveCfg = Release|iPhone
		{EA9EF9B2-6191-4ACA-A642-257E3864C599}.Release|iPhone.Build.0 = Release|iPhone
		{EA9EF9B2-6191-4ACA-A642-257E3864C599}.Release|iPhone.Deploy.0 = Release|iPhone
		{EA9EF9B2-6191-4ACA-A642-257E3864C599}.Release|iPhoneSimulator.ActiveCfg = Release|iPhoneSimulator
		{EA9EF9B2-6191-4ACA-A642-257E3864C599}.Release|iPhoneSimulator.Build.0 = Release|iPhoneSimulator
		{EA9EF9B2-6191-4ACA-A642-257E3864C599}.Release|iPhoneSimulator.Deploy.0 = Release|iPhoneSimulator
		{FB6AE20A-BFEC-40C0-90D3-E4B4D3F5656F}.Debug|Any CPU.ActiveCfg = Debug|Any CPU
		{FB6AE20A-BFEC-40C0-90D3-E4B4D3F5656F}.Debug|Any CPU.Build.0 = Debug|Any CPU
		{FB6AE20A-BFEC-40C0-90D3-E4B4D3F5656F}.Debug|Any CPU.Deploy.0 = Debug|Any CPU
		{FB6AE20A-BFEC-40C0-90D3-E4B4D3F5656F}.Debug|iPhone.ActiveCfg = Debug|Any CPU
		{FB6AE20A-BFEC-40C0-90D3-E4B4D3F5656F}.Debug|iPhone.Build.0 = Debug|Any CPU
		{FB6AE20A-BFEC-40C0-90D3-E4B4D3F5656F}.Debug|iPhone.Deploy.0 = Debug|Any CPU
		{FB6AE20A-BFEC-40C0-90D3-E4B4D3F5656F}.Debug|iPhoneSimulator.ActiveCfg = Debug|Any CPU
		{FB6AE20A-BFEC-40C0-90D3-E4B4D3F5656F}.Debug|iPhoneSimulator.Build.0 = Debug|Any CPU
		{FB6AE20A-BFEC-40C0-90D3-E4B4D3F5656F}.Debug|iPhoneSimulator.Deploy.0 = Debug|Any CPU
		{FB6AE20A-BFEC-40C0-90D3-E4B4D3F5656F}.Release|Any CPU.ActiveCfg = Release|Any CPU
		{FB6AE20A-BFEC-40C0-90D3-E4B4D3F5656F}.Release|Any CPU.Build.0 = Release|Any CPU
		{FB6AE20A-BFEC-40C0-90D3-E4B4D3F5656F}.Release|Any CPU.Deploy.0 = Release|Any CPU
		{FB6AE20A-BFEC-40C0-90D3-E4B4D3F5656F}.Release|iPhone.ActiveCfg = Release|Any CPU
		{FB6AE20A-BFEC-40C0-90D3-E4B4D3F5656F}.Release|iPhone.Build.0 = Release|Any CPU
		{FB6AE20A-BFEC-40C0-90D3-E4B4D3F5656F}.Release|iPhone.Deploy.0 = Release|Any CPU
		{FB6AE20A-BFEC-40C0-90D3-E4B4D3F5656F}.Release|iPhoneSimulator.ActiveCfg = Release|Any CPU
		{FB6AE20A-BFEC-40C0-90D3-E4B4D3F5656F}.Release|iPhoneSimulator.Build.0 = Release|Any CPU
		{FB6AE20A-BFEC-40C0-90D3-E4B4D3F5656F}.Release|iPhoneSimulator.Deploy.0 = Release|Any CPU
	EndGlobalSection
	GlobalSection(SolutionProperties) = preSolution
		HideSolutionNode = FALSE
	EndGlobalSection
	GlobalSection(ExtensibilityGlobals) = postSolution
		SolutionGuid = {49C5C7B5-D5DF-4473-88F7-8B76EE43F396}
	EndGlobalSection
EndGlobal
